// !$*UTF8*$!
{
	archiveVersion = 1;
	classes = {
	};
	objectVersion = 56;
	objects = {

/* Begin PBXBuildFile section */
		260FA6F42C1FD18E00C4D594 /* NetworkError.swift in Sources */ = {isa = PBXBuildFile; fileRef = 260FA6F32C1FD18E00C4D594 /* NetworkError.swift */; };
		2646376E2C17B5740036FA0C /* MangaVerseApp.swift in Sources */ = {isa = PBXBuildFile; fileRef = 2646376D2C17B5740036FA0C /* MangaVerseApp.swift */; };
		264637702C17B5740036FA0C /* ContentView.swift in Sources */ = {isa = PBXBuildFile; fileRef = 2646376F2C17B5740036FA0C /* ContentView.swift */; };
		264637722C17B5750036FA0C /* Assets.xcassets in Resources */ = {isa = PBXBuildFile; fileRef = 264637712C17B5750036FA0C /* Assets.xcassets */; };
		264637752C17B5750036FA0C /* Preview Assets.xcassets in Resources */ = {isa = PBXBuildFile; fileRef = 264637742C17B5750036FA0C /* Preview Assets.xcassets */; };
		2646377D2C1A5D7A0036FA0C /* HTTPClient.swift in Sources */ = {isa = PBXBuildFile; fileRef = 2646377C2C1A5D7A0036FA0C /* HTTPClient.swift */; };
		2646377F2C1A61BB0036FA0C /* HTTPMethod.swift in Sources */ = {isa = PBXBuildFile; fileRef = 2646377E2C1A61BB0036FA0C /* HTTPMethod.swift */; };
		264637812C1A62560036FA0C /* URLSessionHTTPClient.swift in Sources */ = {isa = PBXBuildFile; fileRef = 264637802C1A62560036FA0C /* URLSessionHTTPClient.swift */; };
		26950C4F2C1B83D900F50068 /* ApiService.swift in Sources */ = {isa = PBXBuildFile; fileRef = 26950C4E2C1B83D900F50068 /* ApiService.swift */; };
		26950C512C1B94BA00F50068 /* CodableHelper.swift in Sources */ = {isa = PBXBuildFile; fileRef = 26950C502C1B94BA00F50068 /* CodableHelper.swift */; };
		26D4BF442C24F77900DA3BDD /* HomeNetworkDomain.swift in Sources */ = {isa = PBXBuildFile; fileRef = 26D4BF432C24F77900DA3BDD /* HomeNetworkDomain.swift */; };
		26D4BF462C24FBB200DA3BDD /* MangaModel.swift in Sources */ = {isa = PBXBuildFile; fileRef = 26D4BF452C24FBB200DA3BDD /* MangaModel.swift */; };
		26E5B41D2C23BCE000522FE9 /* HomeDataSource.swift in Sources */ = {isa = PBXBuildFile; fileRef = 26E5B41C2C23BCE000522FE9 /* HomeDataSource.swift */; };
		26E5B41F2C23BCFA00522FE9 /* HomeDataSourceProtocol.swift in Sources */ = {isa = PBXBuildFile; fileRef = 26E5B41E2C23BCFA00522FE9 /* HomeDataSourceProtocol.swift */; };
		26E5B4222C23BE5600522FE9 /* ApiServiceBase.swift in Sources */ = {isa = PBXBuildFile; fileRef = 26E5B4212C23BE5600522FE9 /* ApiServiceBase.swift */; };
		26E5B4242C23BE8800522FE9 /* ApiServiceBaseProtocol.swift in Sources */ = {isa = PBXBuildFile; fileRef = 26E5B4232C23BE8800522FE9 /* ApiServiceBaseProtocol.swift */; };
		26E5B4262C23C12400522FE9 /* DomainBase.swift in Sources */ = {isa = PBXBuildFile; fileRef = 26E5B4252C23C12400522FE9 /* DomainBase.swift */; };
		26E5B42A2C23CC3E00522FE9 /* Endpoint.swift in Sources */ = {isa = PBXBuildFile; fileRef = 26E5B4292C23CC3E00522FE9 /* Endpoint.swift */; };
		26E5B42D2C23CCCC00522FE9 /* Endpoint+Home.swift in Sources */ = {isa = PBXBuildFile; fileRef = 26E5B42C2C23CCCC00522FE9 /* Endpoint+Home.swift */; };
		26E5B4312C23CE3B00522FE9 /* MangaListModel.swift in Sources */ = {isa = PBXBuildFile; fileRef = 26E5B4302C23CE3B00522FE9 /* MangaListModel.swift */; };
/* End PBXBuildFile section */

/* Begin PBXFileReference section */
		260FA6F32C1FD18E00C4D594 /* NetworkError.swift */ = {isa = PBXFileReference; lastKnownFileType = sourcecode.swift; path = NetworkError.swift; sourceTree = "<group>"; };
		2646376A2C17B5740036FA0C /* MangaVerse.app */ = {isa = PBXFileReference; explicitFileType = wrapper.application; includeInIndex = 0; path = MangaVerse.app; sourceTree = BUILT_PRODUCTS_DIR; };
		2646376D2C17B5740036FA0C /* MangaVerseApp.swift */ = {isa = PBXFileReference; lastKnownFileType = sourcecode.swift; path = MangaVerseApp.swift; sourceTree = "<group>"; };
		2646376F2C17B5740036FA0C /* ContentView.swift */ = {isa = PBXFileReference; lastKnownFileType = sourcecode.swift; path = ContentView.swift; sourceTree = "<group>"; };
		264637712C17B5750036FA0C /* Assets.xcassets */ = {isa = PBXFileReference; lastKnownFileType = folder.assetcatalog; path = Assets.xcassets; sourceTree = "<group>"; };
		264637742C17B5750036FA0C /* Preview Assets.xcassets */ = {isa = PBXFileReference; lastKnownFileType = folder.assetcatalog; path = "Preview Assets.xcassets"; sourceTree = "<group>"; };
		2646377C2C1A5D7A0036FA0C /* HTTPClient.swift */ = {isa = PBXFileReference; lastKnownFileType = sourcecode.swift; path = HTTPClient.swift; sourceTree = "<group>"; };
		2646377E2C1A61BB0036FA0C /* HTTPMethod.swift */ = {isa = PBXFileReference; lastKnownFileType = sourcecode.swift; path = HTTPMethod.swift; sourceTree = "<group>"; };
		264637802C1A62560036FA0C /* URLSessionHTTPClient.swift */ = {isa = PBXFileReference; lastKnownFileType = sourcecode.swift; path = URLSessionHTTPClient.swift; sourceTree = "<group>"; };
		26950C4E2C1B83D900F50068 /* ApiService.swift */ = {isa = PBXFileReference; lastKnownFileType = sourcecode.swift; path = ApiService.swift; sourceTree = "<group>"; };
		26950C502C1B94BA00F50068 /* CodableHelper.swift */ = {isa = PBXFileReference; lastKnownFileType = sourcecode.swift; path = CodableHelper.swift; sourceTree = "<group>"; };
		26D4BF432C24F77900DA3BDD /* HomeNetworkDomain.swift */ = {isa = PBXFileReference; lastKnownFileType = sourcecode.swift; path = HomeNetworkDomain.swift; sourceTree = "<group>"; };
		26D4BF452C24FBB200DA3BDD /* MangaModel.swift */ = {isa = PBXFileReference; lastKnownFileType = sourcecode.swift; path = MangaModel.swift; sourceTree = "<group>"; };
		26E5B41C2C23BCE000522FE9 /* HomeDataSource.swift */ = {isa = PBXFileReference; lastKnownFileType = sourcecode.swift; path = HomeDataSource.swift; sourceTree = "<group>"; };
		26E5B41E2C23BCFA00522FE9 /* HomeDataSourceProtocol.swift */ = {isa = PBXFileReference; lastKnownFileType = sourcecode.swift; path = HomeDataSourceProtocol.swift; sourceTree = "<group>"; };
		26E5B4212C23BE5600522FE9 /* ApiServiceBase.swift */ = {isa = PBXFileReference; lastKnownFileType = sourcecode.swift; path = ApiServiceBase.swift; sourceTree = "<group>"; };
		26E5B4232C23BE8800522FE9 /* ApiServiceBaseProtocol.swift */ = {isa = PBXFileReference; lastKnownFileType = sourcecode.swift; path = ApiServiceBaseProtocol.swift; sourceTree = "<group>"; };
		26E5B4252C23C12400522FE9 /* DomainBase.swift */ = {isa = PBXFileReference; lastKnownFileType = sourcecode.swift; path = DomainBase.swift; sourceTree = "<group>"; };
		26E5B4292C23CC3E00522FE9 /* Endpoint.swift */ = {isa = PBXFileReference; lastKnownFileType = sourcecode.swift; path = Endpoint.swift; sourceTree = "<group>"; };
		26E5B42C2C23CCCC00522FE9 /* Endpoint+Home.swift */ = {isa = PBXFileReference; lastKnownFileType = sourcecode.swift; path = "Endpoint+Home.swift"; sourceTree = "<group>"; };
		26E5B4302C23CE3B00522FE9 /* MangaListModel.swift */ = {isa = PBXFileReference; lastKnownFileType = sourcecode.swift; path = MangaListModel.swift; sourceTree = "<group>"; };
/* End PBXFileReference section */

/* Begin PBXFrameworksBuildPhase section */
		264637672C17B5740036FA0C /* Frameworks */ = {
			isa = PBXFrameworksBuildPhase;
			buildActionMask = 2147483647;
			files = (
			);
			runOnlyForDeploymentPostprocessing = 0;
		};
/* End PBXFrameworksBuildPhase section */

/* Begin PBXGroup section */
		264637612C17B5740036FA0C = {
			isa = PBXGroup;
			children = (
				2646376C2C17B5740036FA0C /* MangaVerse */,
				2646376B2C17B5740036FA0C /* Products */,
			);
			sourceTree = "<group>";
		};
		2646376B2C17B5740036FA0C /* Products */ = {
			isa = PBXGroup;
			children = (
				2646376A2C17B5740036FA0C /* MangaVerse.app */,
			);
			name = Products;
			sourceTree = "<group>";
		};
		2646376C2C17B5740036FA0C /* MangaVerse */ = {
			isa = PBXGroup;
			children = (
				26E5B4272C23CC0D00522FE9 /* Core */,
				26E5B4172C23BC7100522FE9 /* Home */,
				2646377B2C1A5CE20036FA0C /* NetworkKit */,
				2646376D2C17B5740036FA0C /* MangaVerseApp.swift */,
				2646376F2C17B5740036FA0C /* ContentView.swift */,
				264637712C17B5750036FA0C /* Assets.xcassets */,
				264637732C17B5750036FA0C /* Preview Content */,
			);
			path = MangaVerse;
			sourceTree = "<group>";
		};
		264637732C17B5750036FA0C /* Preview Content */ = {
			isa = PBXGroup;
			children = (
				264637742C17B5750036FA0C /* Preview Assets.xcassets */,
			);
			path = "Preview Content";
			sourceTree = "<group>";
		};
		2646377B2C1A5CE20036FA0C /* NetworkKit */ = {
			isa = PBXGroup;
			children = (
				26E5B4162C21E6CC00522FE9 /* Errors */,
				26E5B4152C21E67C00522FE9 /* HTTPClient */,
				26E5B4142C21E63300522FE9 /* Helpers */,
				26950C4E2C1B83D900F50068 /* ApiService.swift */,
				26E5B4212C23BE5600522FE9 /* ApiServiceBase.swift */,
				26E5B4232C23BE8800522FE9 /* ApiServiceBaseProtocol.swift */,
				26E5B4252C23C12400522FE9 /* DomainBase.swift */,
			);
			path = NetworkKit;
			sourceTree = "<group>";
		};
		26E5B4142C21E63300522FE9 /* Helpers */ = {
			isa = PBXGroup;
			children = (
				26950C502C1B94BA00F50068 /* CodableHelper.swift */,
			);
			path = Helpers;
			sourceTree = "<group>";
		};
		26E5B4152C21E67C00522FE9 /* HTTPClient */ = {
			isa = PBXGroup;
			children = (
				264637802C1A62560036FA0C /* URLSessionHTTPClient.swift */,
				2646377E2C1A61BB0036FA0C /* HTTPMethod.swift */,
				2646377C2C1A5D7A0036FA0C /* HTTPClient.swift */,
			);
			path = HTTPClient;
			sourceTree = "<group>";
		};
		26E5B4162C21E6CC00522FE9 /* Errors */ = {
			isa = PBXGroup;
			children = (
				260FA6F32C1FD18E00C4D594 /* NetworkError.swift */,
			);
			path = Errors;
			sourceTree = "<group>";
		};
		26E5B4172C23BC7100522FE9 /* Home */ = {
			isa = PBXGroup;
			children = (
				26E5B42E2C23CE0600522FE9 /* Domain */,
				26E5B4182C23BCB200522FE9 /* Data */,
			);
			path = Home;
			sourceTree = "<group>";
		};
		26E5B4182C23BCB200522FE9 /* Data */ = {
			isa = PBXGroup;
			children = (
				26E5B42B2C23CCA200522FE9 /* NetworkConfiguration */,
				26E5B41C2C23BCE000522FE9 /* HomeDataSource.swift */,
				26E5B41E2C23BCFA00522FE9 /* HomeDataSourceProtocol.swift */,
			);
			path = Data;
			sourceTree = "<group>";
		};
		26E5B4272C23CC0D00522FE9 /* Core */ = {
			isa = PBXGroup;
			children = (
				26E5B4282C23CC1D00522FE9 /* Network */,
			);
			path = Core;
			sourceTree = "<group>";
		};
		26E5B4282C23CC1D00522FE9 /* Network */ = {
			isa = PBXGroup;
			children = (
				26E5B4292C23CC3E00522FE9 /* Endpoint.swift */,
			);
			path = Network;
			sourceTree = "<group>";
		};
		26E5B42B2C23CCA200522FE9 /* NetworkConfiguration */ = {
			isa = PBXGroup;
			children = (
				26E5B42C2C23CCCC00522FE9 /* Endpoint+Home.swift */,
				26D4BF432C24F77900DA3BDD /* HomeNetworkDomain.swift */,
			);
			path = NetworkConfiguration;
			sourceTree = "<group>";
		};
		26E5B42E2C23CE0600522FE9 /* Domain */ = {
			isa = PBXGroup;
			children = (
				26E5B42F2C23CE1E00522FE9 /* Models */,
			);
			path = Domain;
			sourceTree = "<group>";
		};
		26E5B42F2C23CE1E00522FE9 /* Models */ = {
			isa = PBXGroup;
			children = (
				26E5B4302C23CE3B00522FE9 /* MangaListModel.swift */,
				26D4BF452C24FBB200DA3BDD /* MangaModel.swift */,
			);
			path = Models;
			sourceTree = "<group>";
		};
/* End PBXGroup section */

/* Begin PBXNativeTarget section */
		264637692C17B5740036FA0C /* MangaVerse */ = {
			isa = PBXNativeTarget;
			buildConfigurationList = 264637782C17B5750036FA0C /* Build configuration list for PBXNativeTarget "MangaVerse" */;
			buildPhases = (
				264637662C17B5740036FA0C /* Sources */,
				264637672C17B5740036FA0C /* Frameworks */,
				264637682C17B5740036FA0C /* Resources */,
			);
			buildRules = (
			);
			dependencies = (
			);
			name = MangaVerse;
			productName = MangaVerse;
			productReference = 2646376A2C17B5740036FA0C /* MangaVerse.app */;
			productType = "com.apple.product-type.application";
		};
/* End PBXNativeTarget section */

/* Begin PBXProject section */
		264637622C17B5740036FA0C /* Project object */ = {
			isa = PBXProject;
			attributes = {
				BuildIndependentTargetsInParallel = 1;
				LastSwiftUpdateCheck = 1530;
				LastUpgradeCheck = 1530;
				TargetAttributes = {
					264637692C17B5740036FA0C = {
						CreatedOnToolsVersion = 15.3;
					};
				};
			};
			buildConfigurationList = 264637652C17B5740036FA0C /* Build configuration list for PBXProject "MangaVerse" */;
			compatibilityVersion = "Xcode 14.0";
			developmentRegion = en;
			hasScannedForEncodings = 0;
			knownRegions = (
				en,
				Base,
			);
			mainGroup = 264637612C17B5740036FA0C;
			productRefGroup = 2646376B2C17B5740036FA0C /* Products */;
			projectDirPath = "";
			projectRoot = "";
			targets = (
				264637692C17B5740036FA0C /* MangaVerse */,
			);
		};
/* End PBXProject section */

/* Begin PBXResourcesBuildPhase section */
		264637682C17B5740036FA0C /* Resources */ = {
			isa = PBXResourcesBuildPhase;
			buildActionMask = 2147483647;
			files = (
				264637752C17B5750036FA0C /* Preview Assets.xcassets in Resources */,
				264637722C17B5750036FA0C /* Assets.xcassets in Resources */,
			);
			runOnlyForDeploymentPostprocessing = 0;
		};
/* End PBXResourcesBuildPhase section */

/* Begin PBXSourcesBuildPhase section */
		264637662C17B5740036FA0C /* Sources */ = {
			isa = PBXSourcesBuildPhase;
			buildActionMask = 2147483647;
			files = (
				26E5B4312C23CE3B00522FE9 /* MangaListModel.swift in Sources */,
				26E5B42D2C23CCCC00522FE9 /* Endpoint+Home.swift in Sources */,
				26D4BF462C24FBB200DA3BDD /* MangaModel.swift in Sources */,
				26E5B42A2C23CC3E00522FE9 /* Endpoint.swift in Sources */,
				2646377F2C1A61BB0036FA0C /* HTTPMethod.swift in Sources */,
				260FA6F42C1FD18E00C4D594 /* NetworkError.swift in Sources */,
				26950C512C1B94BA00F50068 /* CodableHelper.swift in Sources */,
				26D4BF442C24F77900DA3BDD /* HomeNetworkDomain.swift in Sources */,
				264637812C1A62560036FA0C /* URLSessionHTTPClient.swift in Sources */,
				26E5B4222C23BE5600522FE9 /* ApiServiceBase.swift in Sources */,
				26950C4F2C1B83D900F50068 /* ApiService.swift in Sources */,
				264637702C17B5740036FA0C /* ContentView.swift in Sources */,
				2646376E2C17B5740036FA0C /* MangaVerseApp.swift in Sources */,
				26E5B41F2C23BCFA00522FE9 /* HomeDataSourceProtocol.swift in Sources */,
				26E5B4262C23C12400522FE9 /* DomainBase.swift in Sources */,
				26E5B41D2C23BCE000522FE9 /* HomeDataSource.swift in Sources */,
				2646377D2C1A5D7A0036FA0C /* HTTPClient.swift in Sources */,
				26E5B4242C23BE8800522FE9 /* ApiServiceBaseProtocol.swift in Sources */,
			);
			runOnlyForDeploymentPostprocessing = 0;
		};
/* End PBXSourcesBuildPhase section */

/* Begin XCBuildConfiguration section */
		264637762C17B5750036FA0C /* Debug */ = {
			isa = XCBuildConfiguration;
			buildSettings = {
				ALWAYS_SEARCH_USER_PATHS = NO;
				ASSETCATALOG_COMPILER_GENERATE_SWIFT_ASSET_SYMBOL_EXTENSIONS = YES;
				CLANG_ANALYZER_NONNULL = YES;
				CLANG_ANALYZER_NUMBER_OBJECT_CONVERSION = YES_AGGRESSIVE;
				CLANG_CXX_LANGUAGE_STANDARD = "gnu++20";
				CLANG_ENABLE_MODULES = YES;
				CLANG_ENABLE_OBJC_ARC = YES;
				CLANG_ENABLE_OBJC_WEAK = YES;
				CLANG_WARN_BLOCK_CAPTURE_AUTORELEASING = YES;
				CLANG_WARN_BOOL_CONVERSION = YES;
				CLANG_WARN_COMMA = YES;
				CLANG_WARN_CONSTANT_CONVERSION = YES;
				CLANG_WARN_DEPRECATED_OBJC_IMPLEMENTATIONS = YES;
				CLANG_WARN_DIRECT_OBJC_ISA_USAGE = YES_ERROR;
				CLANG_WARN_DOCUMENTATION_COMMENTS = YES;
				CLANG_WARN_EMPTY_BODY = YES;
				CLANG_WARN_ENUM_CONVERSION = YES;
				CLANG_WARN_INFINITE_RECURSION = YES;
				CLANG_WARN_INT_CONVERSION = YES;
				CLANG_WARN_NON_LITERAL_NULL_CONVERSION = YES;
				CLANG_WARN_OBJC_IMPLICIT_RETAIN_SELF = YES;
				CLANG_WARN_OBJC_LITERAL_CONVERSION = YES;
				CLANG_WARN_OBJC_ROOT_CLASS = YES_ERROR;
				CLANG_WARN_QUOTED_INCLUDE_IN_FRAMEWORK_HEADER = YES;
				CLANG_WARN_RANGE_LOOP_ANALYSIS = YES;
				CLANG_WARN_STRICT_PROTOTYPES = YES;
				CLANG_WARN_SUSPICIOUS_MOVE = YES;
				CLANG_WARN_UNGUARDED_AVAILABILITY = YES_AGGRESSIVE;
				CLANG_WARN_UNREACHABLE_CODE = YES;
				CLANG_WARN__DUPLICATE_METHOD_MATCH = YES;
				COPY_PHASE_STRIP = NO;
				DEBUG_INFORMATION_FORMAT = dwarf;
				ENABLE_STRICT_OBJC_MSGSEND = YES;
				ENABLE_TESTABILITY = YES;
				ENABLE_USER_SCRIPT_SANDBOXING = YES;
				GCC_C_LANGUAGE_STANDARD = gnu17;
				GCC_DYNAMIC_NO_PIC = NO;
				GCC_NO_COMMON_BLOCKS = YES;
				GCC_OPTIMIZATION_LEVEL = 0;
				GCC_PREPROCESSOR_DEFINITIONS = (
					"DEBUG=1",
					"$(inherited)",
				);
				GCC_WARN_64_TO_32_BIT_CONVERSION = YES;
				GCC_WARN_ABOUT_RETURN_TYPE = YES_ERROR;
				GCC_WARN_UNDECLARED_SELECTOR = YES;
				GCC_WARN_UNINITIALIZED_AUTOS = YES_AGGRESSIVE;
				GCC_WARN_UNUSED_FUNCTION = YES;
				GCC_WARN_UNUSED_VARIABLE = YES;
				IPHONEOS_DEPLOYMENT_TARGET = 17.4;
				LOCALIZATION_PREFERS_STRING_CATALOGS = YES;
				MTL_ENABLE_DEBUG_INFO = INCLUDE_SOURCE;
				MTL_FAST_MATH = YES;
				ONLY_ACTIVE_ARCH = YES;
				SDKROOT = iphoneos;
				SWIFT_ACTIVE_COMPILATION_CONDITIONS = "DEBUG $(inherited)";
				SWIFT_OPTIMIZATION_LEVEL = "-Onone";
			};
			name = Debug;
		};
		264637772C17B5750036FA0C /* Release */ = {
			isa = XCBuildConfiguration;
			buildSettings = {
				ALWAYS_SEARCH_USER_PATHS = NO;
				ASSETCATALOG_COMPILER_GENERATE_SWIFT_ASSET_SYMBOL_EXTENSIONS = YES;
				CLANG_ANALYZER_NONNULL = YES;
				CLANG_ANALYZER_NUMBER_OBJECT_CONVERSION = YES_AGGRESSIVE;
				CLANG_CXX_LANGUAGE_STANDARD = "gnu++20";
				CLANG_ENABLE_MODULES = YES;
				CLANG_ENABLE_OBJC_ARC = YES;
				CLANG_ENABLE_OBJC_WEAK = YES;
				CLANG_WARN_BLOCK_CAPTURE_AUTORELEASING = YES;
				CLANG_WARN_BOOL_CONVERSION = YES;
				CLANG_WARN_COMMA = YES;
				CLANG_WARN_CONSTANT_CONVERSION = YES;
				CLANG_WARN_DEPRECATED_OBJC_IMPLEMENTATIONS = YES;
				CLANG_WARN_DIRECT_OBJC_ISA_USAGE = YES_ERROR;
				CLANG_WARN_DOCUMENTATION_COMMENTS = YES;
				CLANG_WARN_EMPTY_BODY = YES;
				CLANG_WARN_ENUM_CONVERSION = YES;
				CLANG_WARN_INFINITE_RECURSION = YES;
				CLANG_WARN_INT_CONVERSION = YES;
				CLANG_WARN_NON_LITERAL_NULL_CONVERSION = YES;
				CLANG_WARN_OBJC_IMPLICIT_RETAIN_SELF = YES;
				CLANG_WARN_OBJC_LITERAL_CONVERSION = YES;
				CLANG_WARN_OBJC_ROOT_CLASS = YES_ERROR;
				CLANG_WARN_QUOTED_INCLUDE_IN_FRAMEWORK_HEADER = YES;
				CLANG_WARN_RANGE_LOOP_ANALYSIS = YES;
				CLANG_WARN_STRICT_PROTOTYPES = YES;
				CLANG_WARN_SUSPICIOUS_MOVE = YES;
				CLANG_WARN_UNGUARDED_AVAILABILITY = YES_AGGRESSIVE;
				CLANG_WARN_UNREACHABLE_CODE = YES;
				CLANG_WARN__DUPLICATE_METHOD_MATCH = YES;
				COPY_PHASE_STRIP = NO;
				DEBUG_INFORMATION_FORMAT = "dwarf-with-dsym";
				ENABLE_NS_ASSERTIONS = NO;
				ENABLE_STRICT_OBJC_MSGSEND = YES;
				ENABLE_USER_SCRIPT_SANDBOXING = YES;
				GCC_C_LANGUAGE_STANDARD = gnu17;
				GCC_NO_COMMON_BLOCKS = YES;
				GCC_WARN_64_TO_32_BIT_CONVERSION = YES;
				GCC_WARN_ABOUT_RETURN_TYPE = YES_ERROR;
				GCC_WARN_UNDECLARED_SELECTOR = YES;
				GCC_WARN_UNINITIALIZED_AUTOS = YES_AGGRESSIVE;
				GCC_WARN_UNUSED_FUNCTION = YES;
				GCC_WARN_UNUSED_VARIABLE = YES;
				IPHONEOS_DEPLOYMENT_TARGET = 17.4;
				LOCALIZATION_PREFERS_STRING_CATALOGS = YES;
				MTL_ENABLE_DEBUG_INFO = NO;
				MTL_FAST_MATH = YES;
				SDKROOT = iphoneos;
				SWIFT_COMPILATION_MODE = wholemodule;
				VALIDATE_PRODUCT = YES;
			};
			name = Release;
		};
		264637792C17B5750036FA0C /* Debug */ = {
			isa = XCBuildConfiguration;
			buildSettings = {
				ASSETCATALOG_COMPILER_APPICON_NAME = AppIcon;
				ASSETCATALOG_COMPILER_GLOBAL_ACCENT_COLOR_NAME = AccentColor;
				CODE_SIGN_STYLE = Automatic;
				CURRENT_PROJECT_VERSION = 1;
				DEVELOPMENT_ASSET_PATHS = "\"MangaVerse/Preview Content\"";
				ENABLE_PREVIEWS = YES;
				GENERATE_INFOPLIST_FILE = YES;
				INFOPLIST_KEY_UIApplicationSceneManifest_Generation = YES;
				INFOPLIST_KEY_UIApplicationSupportsIndirectInputEvents = YES;
				INFOPLIST_KEY_UILaunchScreen_Generation = YES;
				INFOPLIST_KEY_UISupportedInterfaceOrientations_iPad = "UIInterfaceOrientationPortrait UIInterfaceOrientationPortraitUpsideDown UIInterfaceOrientationLandscapeLeft UIInterfaceOrientationLandscapeRight";
				INFOPLIST_KEY_UISupportedInterfaceOrientations_iPhone = "UIInterfaceOrientationPortrait UIInterfaceOrientationLandscapeLeft UIInterfaceOrientationLandscapeRight";
				LD_RUNPATH_SEARCH_PATHS = (
					"$(inherited)",
					"@executable_path/Frameworks",
				);
				MARKETING_VERSION = 1.0;
				PRODUCT_BUNDLE_IDENTIFIER = lil.MangaVerse;
				PRODUCT_NAME = "$(TARGET_NAME)";
				SWIFT_EMIT_LOC_STRINGS = YES;
				SWIFT_VERSION = 5.0;
				TARGETED_DEVICE_FAMILY = "1,2";
			};
			name = Debug;
		};
		2646377A2C17B5750036FA0C /* Release */ = {
			isa = XCBuildConfiguration;
			buildSettings = {
				ASSETCATALOG_COMPILER_APPICON_NAME = AppIcon;
				ASSETCATALOG_COMPILER_GLOBAL_ACCENT_COLOR_NAME = AccentColor;
				CODE_SIGN_STYLE = Automatic;
				CURRENT_PROJECT_VERSION = 1;
				DEVELOPMENT_ASSET_PATHS = "\"MangaVerse/Preview Content\"";
				ENABLE_PREVIEWS = YES;
				GENERATE_INFOPLIST_FILE = YES;
				INFOPLIST_KEY_UIApplicationSceneManifest_Generation = YES;
				INFOPLIST_KEY_UIApplicationSupportsIndirectInputEvents = YES;
				INFOPLIST_KEY_UILaunchScreen_Generation = YES;
				INFOPLIST_KEY_UISupportedInterfaceOrientations_iPad = "UIInterfaceOrientationPortrait UIInterfaceOrientationPortraitUpsideDown UIInterfaceOrientationLandscapeLeft UIInterfaceOrientationLandscapeRight";
				INFOPLIST_KEY_UISupportedInterfaceOrientations_iPhone = "UIInterfaceOrientationPortrait UIInterfaceOrientationLandscapeLeft UIInterfaceOrientationLandscapeRight";
				LD_RUNPATH_SEARCH_PATHS = (
					"$(inherited)",
					"@executable_path/Frameworks",
				);
				MARKETING_VERSION = 1.0;
				PRODUCT_BUNDLE_IDENTIFIER = lil.MangaVerse;
				PRODUCT_NAME = "$(TARGET_NAME)";
				SWIFT_EMIT_LOC_STRINGS = YES;
				SWIFT_VERSION = 5.0;
				TARGETED_DEVICE_FAMILY = "1,2";
			};
			name = Release;
		};
/* End XCBuildConfiguration section */

/* Begin XCConfigurationList section */
		264637652C17B5740036FA0C /* Build configuration list for PBXProject "MangaVerse" */ = {
			isa = XCConfigurationList;
			buildConfigurations = (
				264637762C17B5750036FA0C /* Debug */,
				264637772C17B5750036FA0C /* Release */,
			);
			defaultConfigurationIsVisible = 0;
			defaultConfigurationName = Release;
		};
		264637782C17B5750036FA0C /* Build configuration list for PBXNativeTarget "MangaVerse" */ = {
			isa = XCConfigurationList;
			buildConfigurations = (
				264637792C17B5750036FA0C /* Debug */,
				2646377A2C17B5750036FA0C /* Release */,
			);
			defaultConfigurationIsVisible = 0;
			defaultConfigurationName = Release;
		};
/* End XCConfigurationList section */
	};
	rootObject = 264637622C17B5740036FA0C /* Project object */;
}
